// !$*UTF8*$!
{
	archiveVersion = 1;
	classes = {
	};
	objectVersion = 46;
	objects = {

/* Begin PBXBuildFile section */
		9C0FD4381DD2E0C500D7E3B3 /* AppDelegate.swift in Sources */ = {isa = PBXBuildFile; fileRef = 9C0FD4371DD2E0C500D7E3B3 /* AppDelegate.swift */; };
		9C0FD43D1DD2E0C500D7E3B3 /* Main.storyboard in Resources */ = {isa = PBXBuildFile; fileRef = 9C0FD43B1DD2E0C500D7E3B3 /* Main.storyboard */; };
		9C0FD4401DD2E0C500D7E3B3 /* lullaby.xcdatamodeld in Sources */ = {isa = PBXBuildFile; fileRef = 9C0FD43E1DD2E0C500D7E3B3 /* lullaby.xcdatamodeld */; };
		9C0FD4421DD2E0C500D7E3B3 /* Assets.xcassets in Resources */ = {isa = PBXBuildFile; fileRef = 9C0FD4411DD2E0C500D7E3B3 /* Assets.xcassets */; };
		9C0FD4451DD2E0C500D7E3B3 /* LaunchScreen.storyboard in Resources */ = {isa = PBXBuildFile; fileRef = 9C0FD4431DD2E0C500D7E3B3 /* LaunchScreen.storyboard */; };
		9C0FD44D1DD2E63000D7E3B3 /* AudioViewController.swift in Sources */ = {isa = PBXBuildFile; fileRef = 9C0FD44C1DD2E63000D7E3B3 /* AudioViewController.swift */; };
/* End PBXBuildFile section */

/* Begin PBXFileReference section */
		9C0FD4341DD2E0C500D7E3B3 /* lullaby.app */ = {isa = PBXFileReference; explicitFileType = wrapper.application; includeInIndex = 0; path = lullaby.app; sourceTree = BUILT_PRODUCTS_DIR; };
		9C0FD4371DD2E0C500D7E3B3 /* AppDelegate.swift */ = {isa = PBXFileReference; lastKnownFileType = sourcecode.swift; path = AppDelegate.swift; sourceTree = "<group>"; };
		9C0FD43C1DD2E0C500D7E3B3 /* Base */ = {isa = PBXFileReference; lastKnownFileType = file.storyboard; name = Base; path = Base.lproj/Main.storyboard; sourceTree = "<group>"; };
		9C0FD43F1DD2E0C500D7E3B3 /* lullaby.xcdatamodel */ = {isa = PBXFileReference; lastKnownFileType = wrapper.xcdatamodel; path = lullaby.xcdatamodel; sourceTree = "<group>"; };
		9C0FD4411DD2E0C500D7E3B3 /* Assets.xcassets */ = {isa = PBXFileReference; lastKnownFileType = folder.assetcatalog; path = Assets.xcassets; sourceTree = "<group>"; };
		9C0FD4441DD2E0C500D7E3B3 /* Base */ = {isa = PBXFileReference; lastKnownFileType = file.storyboard; name = Base; path = Base.lproj/LaunchScreen.storyboard; sourceTree = "<group>"; };
		9C0FD4461DD2E0C500D7E3B3 /* Info.plist */ = {isa = PBXFileReference; lastKnownFileType = text.plist.xml; path = Info.plist; sourceTree = "<group>"; };
		9C0FD44C1DD2E63000D7E3B3 /* AudioViewController.swift */ = {isa = PBXFileReference; fileEncoding = 4; lastKnownFileType = sourcecode.swift; path = AudioViewController.swift; sourceTree = "<group>"; };
/* End PBXFileReference section */

/* Begin PBXFrameworksBuildPhase section */
		9C0FD4311DD2E0C500D7E3B3 /* Frameworks */ = {
			isa = PBXFrameworksBuildPhase;
			buildActionMask = 2147483647;
			files = (
			);
			runOnlyForDeploymentPostprocessing = 0;
		};
/* End PBXFrameworksBuildPhase section */

/* Begin PBXGroup section */
		9C0FD42B1DD2E0C500D7E3B3 = {
			isa = PBXGroup;
			children = (
				9C0FD4361DD2E0C500D7E3B3 /* lullaby */,
				9C0FD4351DD2E0C500D7E3B3 /* Products */,
			);
			sourceTree = "<group>";
		};
		9C0FD4351DD2E0C500D7E3B3 /* Products */ = {
			isa = PBXGroup;
			children = (
				9C0FD4341DD2E0C500D7E3B3 /* lullaby.app */,
			);
			name = Products;
			sourceTree = "<group>";
		};
		9C0FD4361DD2E0C500D7E3B3 /* lullaby */ = {
			isa = PBXGroup;
			children = (
				9C0FD4371DD2E0C500D7E3B3 /* AppDelegate.swift */,
				9C0FD43B1DD2E0C500D7E3B3 /* Main.storyboard */,
				9C0FD4411DD2E0C500D7E3B3 /* Assets.xcassets */,
				9C0FD4431DD2E0C500D7E3B3 /* LaunchScreen.storyboard */,
				9C0FD4461DD2E0C500D7E3B3 /* Info.plist */,
				9C0FD43E1DD2E0C500D7E3B3 /* lullaby.xcdatamodeld */,
				9C0FD44C1DD2E63000D7E3B3 /* AudioViewController.swift */,
			);
			path = lullaby;
			sourceTree = "<group>";
		};
/* End PBXGroup section */

/* Begin PBXNativeTarget section */
		9C0FD4331DD2E0C500D7E3B3 /* lullaby */ = {
			isa = PBXNativeTarget;
			buildConfigurationList = 9C0FD4491DD2E0C500D7E3B3 /* Build configuration list for PBXNativeTarget "lullaby" */;
			buildPhases = (
				9C0FD4301DD2E0C500D7E3B3 /* Sources */,
				9C0FD4311DD2E0C500D7E3B3 /* Frameworks */,
				9C0FD4321DD2E0C500D7E3B3 /* Resources */,
			);
			buildRules = (
			);
			dependencies = (
			);
			name = lullaby;
			productName = lullaby;
			productReference = 9C0FD4341DD2E0C500D7E3B3 /* lullaby.app */;
			productType = "com.apple.product-type.application";
		};
/* End PBXNativeTarget section */

/* Begin PBXProject section */
		9C0FD42C1DD2E0C500D7E3B3 /* Project object */ = {
			isa = PBXProject;
			attributes = {
				LastSwiftUpdateCheck = 0810;
				LastUpgradeCheck = 0810;
				ORGANIZATIONNAME = scope;
				TargetAttributes = {
					9C0FD4331DD2E0C500D7E3B3 = {
						CreatedOnToolsVersion = 8.1;
						DevelopmentTeam = 99XETULFTL;
						ProvisioningStyle = Automatic;
					};
				};
			};
			buildConfigurationList = 9C0FD42F1DD2E0C500D7E3B3 /* Build configuration list for PBXProject "lullaby" */;
			compatibilityVersion = "Xcode 3.2";
			developmentRegion = English;
			hasScannedForEncodings = 0;
			knownRegions = (
				en,
				Base,
			);
			mainGroup = 9C0FD42B1DD2E0C500D7E3B3;
			productRefGroup = 9C0FD4351DD2E0C500D7E3B3 /* Products */;
			projectDirPath = "";
			projectRoot = "";
			targets = (
				9C0FD4331DD2E0C500D7E3B3 /* lullaby */,
			);
		};
/* End PBXProject section */

/* Begin PBXResourcesBuildPhase section */
		9C0FD4321DD2E0C500D7E3B3 /* Resources */ = {
			isa = PBXResourcesBuildPhase;
			buildActionMask = 2147483647;
			files = (
				9C0FD4451DD2E0C500D7E3B3 /* LaunchScreen.storyboard in Resources */,
				9C0FD4421DD2E0C500D7E3B3 /* Assets.xcassets in Resources */,
				9C0FD43D1DD2E0C500D7E3B3 /* Main.storyboard in Resources */,
			);
			runOnlyForDeploymentPostprocessing = 0;
		};
/* End PBXResourcesBuildPhase section */

/* Begin PBXSourcesBuildPhase section */
		9C0FD4301DD2E0C500D7E3B3 /* Sources */ = {
			isa = PBXSourcesBuildPhase;
			buildActionMask = 2147483647;
			files = (
				9C0FD4401DD2E0C500D7E3B3 /* lullaby.xcdatamodeld in Sources */,
				9C0FD4381DD2E0C500D7E3B3 /* AppDelegate.swift in Sources */,
				9C0FD44D1DD2E63000D7E3B3 /* AudioViewController.swift in Sources */,
			);
			runOnlyForDeploymentPostprocessing = 0;
		};
/* End PBXSourcesBuildPhase section */

/* Begin PBXVariantGroup section */
		9C0FD43B1DD2E0C500D7E3B3 /* Main.storyboard */ = {
			isa = PBXVariantGroup;
			children = (
				9C0FD43C1DD2E0C500D7E3B3 /* Base */,
			);
			name = Main.storyboard;
			sourceTree = "<group>";
		};
		9C0FD4431DD2E0C500D7E3B3 /* LaunchScreen.storyboard */ = {
			isa = PBXVariantGroup;
			children = (
				9C0FD4441DD2E0C500D7E3B3 /* Base */,
			);
			name = LaunchScreen.storyboard;
			sourceTree = "<group>";
		};
/* End PBXVariantGroup section */

/* Begin XCBuildConfiguration section */
		9C0FD4471DD2E0C500D7E3B3 /* Debug */ = {
			isa = XCBuildConfiguration;
			buildSettings = {
				ALWAYS_SEARCH_USER_PATHS = NO;
				CLANG_ANALYZER_NONNULL = YES;
				CLANG_CXX_LANGUAGE_STANDARD = "gnu++0x";
				CLANG_CXX_LIBRARY = "libc++";
				CLANG_ENABLE_MODULES = YES;
				CLANG_ENABLE_OBJC_ARC = YES;
				CLANG_WARN_BOOL_CONVERSION = YES;
				CLANG_WARN_CONSTANT_CONVERSION = YES;
				CLANG_WARN_DIRECT_OBJC_ISA_USAGE = YES_ERROR;
				CLANG_WARN_DOCUMENTATION_COMMENTS = YES;
				CLANG_WARN_EMPTY_BODY = YES;
				CLANG_WARN_ENUM_CONVERSION = YES;
				CLANG_WARN_INFINITE_RECURSION = YES;
				CLANG_WARN_INT_CONVERSION = YES;
				CLANG_WARN_OBJC_ROOT_CLASS = YES_ERROR;
				CLANG_WARN_SUSPICIOUS_MOVES = YES;
				CLANG_WARN_UNREACHABLE_CODE = YES;
				CLANG_WARN__DUPLICATE_METHOD_MATCH = YES;
				"CODE_SIGN_IDENTITY[sdk=iphoneos*]" = "iPhone Developer";
				COPY_PHASE_STRIP = NO;
				DEBUG_INFORMATION_FORMAT = dwarf;
				ENABLE_STRICT_OBJC_MSGSEND = YES;
				ENABLE_TESTABILITY = YES;
				GCC_C_LANGUAGE_STANDARD = gnu99;
				GCC_DYNAMIC_NO_PIC = NO;
				GCC_NO_COMMON_BLOCKS = YES;
				GCC_OPTIMIZATION_LEVEL = 0;
				GCC_PREPROCESSOR_DEFINITIONS = (
					"DEBUG=1",
					"$(inherited)",
				);
				GCC_WARN_64_TO_32_BIT_CONVERSION = YES;
				GCC_WARN_ABOUT_RETURN_TYPE = YES_ERROR;
				GCC_WARN_UNDECLARED_SELECTOR = YES;
				GCC_WARN_UNINITIALIZED_AUTOS = YES_AGGRESSIVE;
				GCC_WARN_UNUSED_FUNCTION = YES;
				GCC_WARN_UNUSED_VARIABLE = YES;
				IPHONEOS_DEPLOYMENT_TARGET = 10.1;
				MTL_ENABLE_DEBUG_INFO = YES;
				ONLY_ACTIVE_ARCH = YES;
				SDKROOT = iphoneos;
				SWIFT_ACTIVE_COMPILATION_CONDITIONS = DEBUG;
				SWIFT_OPTIMIZATION_LEVEL = "-Onone";
			};
			name = Debug;
		};
		9C0FD4481DD2E0C500D7E3B3 /* Release */ = {
			isa = XCBuildConfiguration;
			buildSettings = {
				ALWAYS_SEARCH_USER_PATHS = NO;
				CLANG_ANALYZER_NONNULL = YES;
				CLANG_CXX_LANGUAGE_STANDARD = "gnu++0x";
				CLANG_CXX_LIBRARY = "libc++";
				CLANG_ENABLE_MODULES = YES;
				CLANG_ENABLE_OBJC_ARC = YES;
				CLANG_WARN_BOOL_CONVERSION = YES;
				CLANG_WARN_CONSTANT_CONVERSION = YES;
				CLANG_WARN_DIRECT_OBJC_ISA_USAGE = YES_ERROR;
				CLANG_WARN_DOCUMENTATION_COMMENTS = YES;
				CLANG_WARN_EMPTY_BODY = YES;
				CLANG_WARN_ENUM_CONVERSION = YES;
				CLANG_WARN_INFINITE_RECURSION = YES;
				CLANG_WARN_INT_CONVERSION = YES;
				CLANG_WARN_OBJC_ROOT_CLASS = YES_ERROR;
				CLANG_WARN_SUSPICIOUS_MOVES = YES;
				CLANG_WARN_UNREACHABLE_CODE = YES;
				CLANG_WARN__DUPLICATE_METHOD_MATCH = YES;
				"CODE_SIGN_IDENTITY[sdk=iphoneos*]" = "iPhone Developer";
				COPY_PHASE_STRIP = NO;
				DEBUG_INFORMATION_FORMAT = "dwarf-with-dsym";
				ENABLE_NS_ASSERTIONS = NO;
				ENABLE_STRICT_OBJC_MSGSEND = YES;
				GCC_C_LANGUAGE_STANDARD = gnu99;
				GCC_NO_COMMON_BLOCKS = YES;
				GCC_WARN_64_TO_32_BIT_CONVERSION = YES;
				GCC_WARN_ABOUT_RETURN_TYPE = YES_ERROR;
				GCC_WARN_UNDECLARED_SELECTOR = YES;
				GCC_WARN_UNINITIALIZED_AUTOS = YES_AGGRESSIVE;
				GCC_WARN_UNUSED_FUNCTION = YES;
				GCC_WARN_UNUSED_VARIABLE = YES;
				IPHONEOS_DEPLOYMENT_TARGET = 10.1;
				MTL_ENABLE_DEBUG_INFO = NO;
				SDKROOT = iphoneos;
				SWIFT_OPTIMIZATION_LEVEL = "-Owholemodule";
				VALIDATE_PRODUCT = YES;
			};
			name = Release;
		};
		9C0FD44A1DD2E0C500D7E3B3 /* Debug */ = {
			isa = XCBuildConfiguration;
			buildSettings = {
				ASSETCATALOG_COMPILER_APPICON_NAME = AppIcon;
				DEVELOPMENT_TEAM = 99XETULFTL;
				INFOPLIST_FILE = lullaby/Info.plist;
				LD_RUNPATH_SEARCH_PATHS = "$(inherited) @executable_path/Frameworks";
				PRODUCT_BUNDLE_IDENTIFIER = com.denham.lullaby;
				PRODUCT_NAME = "$(TARGET_NAME)";
				SWIFT_VERSION = 3.0;
			};
			name = Debug;
		};
		9C0FD44B1DD2E0C500D7E3B3 /* Release */ = {
			isa = XCBuildConfiguration;
			buildSettings = {
				ASSETCATALOG_COMPILER_APPICON_NAME = AppIcon;
				DEVELOPMENT_TEAM = 99XETULFTL;
				INFOPLIST_FILE = lullaby/Info.plist;
				LD_RUNPATH_SEARCH_PATHS = "$(inherited) @executable_path/Frameworks";
				PRODUCT_BUNDLE_IDENTIFIER = com.denham.lullaby;
				PRODUCT_NAME = "$(TARGET_NAME)";
				SWIFT_VERSION = 3.0;
			};
			name = Release;
		};
/* End XCBuildConfiguration section */

/* Begin XCConfigurationList section */
		9C0FD42F1DD2E0C500D7E3B3 /* Build configuration list for PBXProject "lullaby" */ = {
			isa = XCConfigurationList;
			buildConfigurations = (
				9C0FD4471DD2E0C500D7E3B3 /* Debug */,
				9C0FD4481DD2E0C500D7E3B3 /* Release */,
			);
			defaultConfigurationIsVisible = 0;
			defaultConfigurationName = Release;
		};
		9C0FD4491DD2E0C500D7E3B3 /* Build configuration list for PBXNativeTarget "lullaby" */ = {
			isa = XCConfigurationList;
			buildConfigurations = (
				9C0FD44A1DD2E0C500D7E3B3 /* Debug */,
				9C0FD44B1DD2E0C500D7E3B3 /* Release */,
			);
			defaultConfigurationIsVisible = 0;
		};
/* End XCConfigurationList section */

/* Begin XCVersionGroup section */
		9C0FD43E1DD2E0C500D7E3B3 /* lullaby.xcdatamodeld */ = {
			isa = XCVersionGroup;
			children = (
				9C0FD43F1DD2E0C500D7E3B3 /* lullaby.xcdatamodel */,
			);
			currentVersion = 9C0FD43F1DD2E0C500D7E3B3 /* lullaby.xcdatamodel */;
			path = lullaby.xcdatamodeld;
			sourceTree = "<group>";
			versionGroupType = wrapper.xcdatamodel;
		};
/* End XCVersionGroup section */
	};
	rootObject = 9C0FD42C1DD2E0C500D7E3B3 /* Project object */;
}
